<?xml version="1.0" encoding="utf-8"?>
<Project ToolsVersion="4.0" xmlns="http://schemas.microsoft.com/developer/msbuild/2003">
  <ItemGroup>
    <Filter Include="Source Files">
      <UniqueIdentifier>{4FC737F1-C7A5-4376-A066-2A32D752A2FF}</UniqueIdentifier>
      <Extensions>cpp;c;cc;cxx;def;odl;idl;hpj;bat;asm;asmx</Extensions>
    </Filter>
    <Filter Include="Header Files">
      <UniqueIdentifier>{93995380-89BD-4b04-88EB-625FBE52EBFB}</UniqueIdentifier>
      <Extensions>h;hpp;hxx;hm;inl;inc;xsd</Extensions>
    </Filter>
    <Filter Include="Header Files\Tables">
      <UniqueIdentifier>{24e868f1-1acd-499f-90da-2cbf9b29111e}</UniqueIdentifier>
    </Filter>
  </ItemGroup>
  <ItemGroup>
    <ClInclude Include="stdafx.h">
      <Filter>Header Files</Filter>
    </ClInclude>
    <ClInclude Include="Neighbors.h">
      <Filter>Header Files</Filter>
    </ClInclude>
    <ClInclude Include="SimpleDefs.h">
      <Filter>Header Files</Filter>
    </ClInclude>
    <ClInclude Include="Util.h">
      <Filter>Header Files</Filter>
    </ClInclude>
    <ClInclude Include="Mask.h">
      <Filter>Header Files</Filter>
    </ClInclude>
    <ClInclude Include="Coord.h">
      <Filter>Header Files</Filter>
    </ClInclude>
    <ClInclude Include="Symmetry.h">
      <Filter>Header Files</Filter>
    </ClInclude>
    <ClInclude Include="Palagyi_table.h">
      <Filter>Header Files\Tables</Filter>
    </ClInclude>
    <ClInclude Include="Raynal_table.h">
      <Filter>Header Files\Tables</Filter>
    </ClInclude>
    <ClInclude Include="Isthmus_table.h">
      <Filter>Header Files\Tables</Filter>
    </ClInclude>
    <ClInclude Include="PxSimple_table.h">
      <Filter>Header Files\Tables</Filter>
    </ClInclude>
    <ClInclude Include="Nemeth_table.h">
      <Filter>Header Files\Tables</Filter>
    </ClInclude>
    <ClInclude Include="PxSimpleSurf_table.h">
      <Filter>Header Files\Tables</Filter>
    </ClInclude>
  </ItemGroup>
  <ItemGroup>
    <ClCompile Include="stdafx.cpp">
      <Filter>Source Files</Filter>
    </ClCompile>
    <ClCompile Include="SimpleVoxel.cpp">
      <Filter>Source Files</Filter>
    </ClCompile>
    <ClCompile Include="Isthmus.cpp">
      <Filter>Source Files</Filter>
    </ClCompile>
    <ClCompile Include="PxSimple.cpp">
      <Filter>Source Files</Filter>
    </ClCompile>
    <ClCompile Include="Palagyi.cpp">
      <Filter>Source Files</Filter>
    </ClCompile>
    <ClCompile Include="Neighbors.cpp">
      <Filter>Source Files</Filter>
    </ClCompile>
    <ClCompile Include="Util.cpp">
      <Filter>Source Files</Filter>
    </ClCompile>
    <ClCompile Include="Symmetry.cpp">
      <Filter>Source Files</Filter>
    </ClCompile>
    <ClCompile Include="Nemeth.cpp">
      <Filter>Source Files</Filter>
    </ClCompile>
  </ItemGroup>
</Project>